// !$*UTF8*$!
{
	archiveVersion = 1;
	classes = {
	};
	objectVersion = 46;
	objects = {

/* Begin PBXBuildFile section */
		21CE5A531E68D6F3009BE18F /* AppDelegate.swift in Sources */ = {isa = PBXBuildFile; fileRef = 21CE5A521E68D6F3009BE18F /* AppDelegate.swift */; };
		21CE5A551E68D6F3009BE18F /* ViewController.swift in Sources */ = {isa = PBXBuildFile; fileRef = 21CE5A541E68D6F3009BE18F /* ViewController.swift */; };
		21CE5A581E68D6F3009BE18F /* Main.storyboard in Resources */ = {isa = PBXBuildFile; fileRef = 21CE5A561E68D6F3009BE18F /* Main.storyboard */; };
		21CE5A5A1E68D6F4009BE18F /* Assets.xcassets in Resources */ = {isa = PBXBuildFile; fileRef = 21CE5A591E68D6F4009BE18F /* Assets.xcassets */; };
		21CE5A5D1E68D6F4009BE18F /* LaunchScreen.storyboard in Resources */ = {isa = PBXBuildFile; fileRef = 21CE5A5B1E68D6F4009BE18F /* LaunchScreen.storyboard */; };
/* End PBXBuildFile section */

/* Begin PBXFileReference section */
		21CE5A4F1E68D6F3009BE18F /* KaPool.app */ = {isa = PBXFileReference; explicitFileType = wrapper.application; includeInIndex = 0; path = KaPool.app; sourceTree = BUILT_PRODUCTS_DIR; };
		21CE5A521E68D6F3009BE18F /* AppDelegate.swift */ = {isa = PBXFileReference; lastKnownFileType = sourcecode.swift; path = AppDelegate.swift; sourceTree = "<group>"; };
		21CE5A541E68D6F3009BE18F /* ViewController.swift */ = {isa = PBXFileReference; lastKnownFileType = sourcecode.swift; path = ViewController.swift; sourceTree = "<group>"; };
		21CE5A571E68D6F3009BE18F /* Base */ = {isa = PBXFileReference; lastKnownFileType = file.storyboard; name = Base; path = Base.lproj/Main.storyboard; sourceTree = "<group>"; };
		21CE5A591E68D6F4009BE18F /* Assets.xcassets */ = {isa = PBXFileReference; lastKnownFileType = folder.assetcatalog; path = Assets.xcassets; sourceTree = "<group>"; };
		21CE5A5C1E68D6F4009BE18F /* Base */ = {isa = PBXFileReference; lastKnownFileType = file.storyboard; name = Base; path = Base.lproj/LaunchScreen.storyboard; sourceTree = "<group>"; };
		21CE5A5E1E68D6F4009BE18F /* Info.plist */ = {isa = PBXFileReference; lastKnownFileType = text.plist.xml; path = Info.plist; sourceTree = "<group>"; };
/* End PBXFileReference section */

/* Begin PBXFrameworksBuildPhase section */
		21CE5A4C1E68D6F3009BE18F /* Frameworks */ = {
			isa = PBXFrameworksBuildPhase;
			buildActionMask = 2147483647;
			files = (
			);
			runOnlyForDeploymentPostprocessing = 0;
		};
/* End PBXFrameworksBuildPhase section */

/* Begin PBXGroup section */
		21CE5A461E68D6F3009BE18F = {
			isa = PBXGroup;
			children = (
				21CE5A511E68D6F3009BE18F /* KaPool */,
				21CE5A501E68D6F3009BE18F /* Products */,
			);
			sourceTree = "<group>";
		};
		21CE5A501E68D6F3009BE18F /* Products */ = {
			isa = PBXGroup;
			children = (
				21CE5A4F1E68D6F3009BE18F /* KaPool.app */,
			);
			name = Products;
			sourceTree = "<group>";
		};
		21CE5A511E68D6F3009BE18F /* KaPool */ = {
			isa = PBXGroup;
			children = (
				21CE5A521E68D6F3009BE18F /* AppDelegate.swift */,
				21CE5A541E68D6F3009BE18F /* ViewController.swift */,
				21CE5A561E68D6F3009BE18F /* Main.storyboard */,
				21CE5A591E68D6F4009BE18F /* Assets.xcassets */,
				21CE5A5B1E68D6F4009BE18F /* LaunchScreen.storyboard */,
				21CE5A5E1E68D6F4009BE18F /* Info.plist */,
			);
			path = KaPool;
			sourceTree = "<group>";
		};
/* End PBXGroup section */

/* Begin PBXNativeTarget section */
		21CE5A4E1E68D6F3009BE18F /* KaPool */ = {
			isa = PBXNativeTarget;
			buildConfigurationList = 21CE5A611E68D6F4009BE18F /* Build configuration list for PBXNativeTarget "KaPool" */;
			buildPhases = (
				21CE5A4B1E68D6F3009BE18F /* Sources */,
				21CE5A4C1E68D6F3009BE18F /* Frameworks */,
				21CE5A4D1E68D6F3009BE18F /* Resources */,
			);
			buildRules = (
			);
			dependencies = (
			);
			name = KaPool;
			productName = KaPool;
			productReference = 21CE5A4F1E68D6F3009BE18F /* KaPool.app */;
			productType = "com.apple.product-type.application";
		};
/* End PBXNativeTarget section */

/* Begin PBXProject section */
		21CE5A471E68D6F3009BE18F /* Project object */ = {
			isa = PBXProject;
			attributes = {
				LastSwiftUpdateCheck = 0820;
				LastUpgradeCheck = 0820;
				ORGANIZATIONNAME = "Madel Asistio";
				TargetAttributes = {
					21CE5A4E1E68D6F3009BE18F = {
						CreatedOnToolsVersion = 8.2.1;
						DevelopmentTeam = WFB978387N;
						ProvisioningStyle = Automatic;
					};
				};
			};
			buildConfigurationList = 21CE5A4A1E68D6F3009BE18F /* Build configuration list for PBXProject "KaPool" */;
			compatibilityVersion = "Xcode 3.2";
			developmentRegion = English;
			hasScannedForEncodings = 0;
			knownRegions = (
				en,
				Base,
			);
			mainGroup = 21CE5A461E68D6F3009BE18F;
			productRefGroup = 21CE5A501E68D6F3009BE18F /* Products */;
			projectDirPath = "";
			projectRoot = "";
			targets = (
				21CE5A4E1E68D6F3009BE18F /* KaPool */,
			);
		};
/* End PBXProject section */

/* Begin PBXResourcesBuildPhase section */
		21CE5A4D1E68D6F3009BE18F /* Resources */ = {
			isa = PBXResourcesBuildPhase;
			buildActionMask = 2147483647;
			files = (
				21CE5A5D1E68D6F4009BE18F /* LaunchScreen.storyboard in Resources */,
				21CE5A5A1E68D6F4009BE18F /* Assets.xcassets in Resources */,
				21CE5A581E68D6F3009BE18F /* Main.storyboard in Resources */,
			);
			runOnlyForDeploymentPostprocessing = 0;
		};
/* End PBXResourcesBuildPhase section */

/* Begin PBXSourcesBuildPhase section */
		21CE5A4B1E68D6F3009BE18F /* Sources */ = {
			isa = PBXSourcesBuildPhase;
			buildActionMask = 2147483647;
			files = (
				21CE5A551E68D6F3009BE18F /* ViewController.swift in Sources */,
				21CE5A531E68D6F3009BE18F /* AppDelegate.swift in Sources */,
			);
			runOnlyForDeploymentPostprocessing = 0;
		};
/* End PBXSourcesBuildPhase section */

/* Begin PBXVariantGroup section */
		21CE5A561E68D6F3009BE18F /* Main.storyboard */ = {
			isa = PBXVariantGroup;
			children = (
				21CE5A571E68D6F3009BE18F /* Base */,
			);
			name = Main.storyboard;
			sourceTree = "<group>";
		};
		21CE5A5B1E68D6F4009BE18F /* LaunchScreen.storyboard */ = {
			isa = PBXVariantGroup;
			children = (
				21CE5A5C1E68D6F4009BE18F /* Base */,
			);
			name = LaunchScreen.storyboard;
			sourceTree = "<group>";
		};
/* End PBXVariantGroup section */

/* Begin XCBuildConfiguration section */
		21CE5A5F1E68D6F4009BE18F /* Debug */ = {
			isa = XCBuildConfiguration;
			buildSettings = {
				ALWAYS_SEARCH_USER_PATHS = NO;
				CLANG_ANALYZER_NONNULL = YES;
				CLANG_CXX_LANGUAGE_STANDARD = "gnu++0x";
				CLANG_CXX_LIBRARY = "libc++";
				CLANG_ENABLE_MODULES = YES;
				CLANG_ENABLE_OBJC_ARC = YES;
				CLANG_WARN_BOOL_CONVERSION = YES;
				CLANG_WARN_CONSTANT_CONVERSION = YES;
				CLANG_WARN_DIRECT_OBJC_ISA_USAGE = YES_ERROR;
				CLANG_WARN_DOCUMENTATION_COMMENTS = YES;
				CLANG_WARN_EMPTY_BODY = YES;
				CLANG_WARN_ENUM_CONVERSION = YES;
				CLANG_WARN_INFINITE_RECURSION = YES;
				CLANG_WARN_INT_CONVERSION = YES;
				CLANG_WARN_OBJC_ROOT_CLASS = YES_ERROR;
				CLANG_WARN_SUSPICIOUS_MOVE = YES;
				CLANG_WARN_UNREACHABLE_CODE = YES;
				CLANG_WARN__DUPLICATE_METHOD_MATCH = YES;
				"CODE_SIGN_IDENTITY[sdk=iphoneos*]" = "iPhone Developer";
				COPY_PHASE_STRIP = NO;
				DEBUG_INFORMATION_FORMAT = dwarf;
				ENABLE_STRICT_OBJC_MSGSEND = YES;
				ENABLE_TESTABILITY = YES;
				GCC_C_LANGUAGE_STANDARD = gnu99;
				GCC_DYNAMIC_NO_PIC = NO;
				GCC_NO_COMMON_BLOCKS = YES;
				GCC_OPTIMIZATION_LEVEL = 0;
				GCC_PREPROCESSOR_DEFINITIONS = (
					"DEBUG=1",
					"$(inherited)",
				);
				GCC_WARN_64_TO_32_BIT_CONVERSION = YES;
				GCC_WARN_ABOUT_RETURN_TYPE = YES_ERROR;
				GCC_WARN_UNDECLARED_SELECTOR = YES;
				GCC_WARN_UNINITIALIZED_AUTOS = YES_AGGRESSIVE;
				GCC_WARN_UNUSED_FUNCTION = YES;
				GCC_WARN_UNUSED_VARIABLE = YES;
				IPHONEOS_DEPLOYMENT_TARGET = 10.2;
				MTL_ENABLE_DEBUG_INFO = YES;
				ONLY_ACTIVE_ARCH = YES;
				SDKROOT = iphoneos;
				SWIFT_ACTIVE_COMPILATION_CONDITIONS = DEBUG;
				SWIFT_OPTIMIZATION_LEVEL = "-Onone";
			};
			name = Debug;
		};
		21CE5A601E68D6F4009BE18F /* Release */ = {
			isa = XCBuildConfiguration;
			buildSettings = {
				ALWAYS_SEARCH_USER_PATHS = NO;
				CLANG_ANALYZER_NONNULL = YES;
				CLANG_CXX_LANGUAGE_STANDARD = "gnu++0x";
				CLANG_CXX_LIBRARY = "libc++";
				CLANG_ENABLE_MODULES = YES;
				CLANG_ENABLE_OBJC_ARC = YES;
				CLANG_WARN_BOOL_CONVERSION = YES;
				CLANG_WARN_CONSTANT_CONVERSION = YES;
				CLANG_WARN_DIRECT_OBJC_ISA_USAGE = YES_ERROR;
				CLANG_WARN_DOCUMENTATION_COMMENTS = YES;
				CLANG_WARN_EMPTY_BODY = YES;
				CLANG_WARN_ENUM_CONVERSION = YES;
				CLANG_WARN_INFINITE_RECURSION = YES;
				CLANG_WARN_INT_CONVERSION = YES;
				CLANG_WARN_OBJC_ROOT_CLASS = YES_ERROR;
				CLANG_WARN_SUSPICIOUS_MOVE = YES;
				CLANG_WARN_UNREACHABLE_CODE = YES;
				CLANG_WARN__DUPLICATE_METHOD_MATCH = YES;
				"CODE_SIGN_IDENTITY[sdk=iphoneos*]" = "iPhone Developer";
				COPY_PHASE_STRIP = NO;
				DEBUG_INFORMATION_FORMAT = "dwarf-with-dsym";
				ENABLE_NS_ASSERTIONS = NO;
				ENABLE_STRICT_OBJC_MSGSEND = YES;
				GCC_C_LANGUAGE_STANDARD = gnu99;
				GCC_NO_COMMON_BLOCKS = YES;
				GCC_WARN_64_TO_32_BIT_CONVERSION = YES;
				GCC_WARN_ABOUT_RETURN_TYPE = YES_ERROR;
				GCC_WARN_UNDECLARED_SELECTOR = YES;
				GCC_WARN_UNINITIALIZED_AUTOS = YES_AGGRESSIVE;
				GCC_WARN_UNUSED_FUNCTION = YES;
				GCC_WARN_UNUSED_VARIABLE = YES;
				IPHONEOS_DEPLOYMENT_TARGET = 10.2;
				MTL_ENABLE_DEBUG_INFO = NO;
				SDKROOT = iphoneos;
				SWIFT_OPTIMIZATION_LEVEL = "-Owholemodule";
				VALIDATE_PRODUCT = YES;
			};
			name = Release;
		};
		21CE5A621E68D6F4009BE18F /* Debug */ = {
			isa = XCBuildConfiguration;
			buildSettings = {
				ASSETCATALOG_COMPILER_APPICON_NAME = AppIcon;
				DEVELOPMENT_TEAM = WFB978387N;
				INFOPLIST_FILE = KaPool/Info.plist;
				LD_RUNPATH_SEARCH_PATHS = "$(inherited) @executable_path/Frameworks";
				PRODUCT_BUNDLE_IDENTIFIER = codePath.com.KaPool;
				PRODUCT_NAME = "$(TARGET_NAME)";
				SWIFT_VERSION = 3.0;
			};
			name = Debug;
		};
		21CE5A631E68D6F4009BE18F /* Release */ = {
			isa = XCBuildConfiguration;
			buildSettings = {
				ASSETCATALOG_COMPILER_APPICON_NAME = AppIcon;
				DEVELOPMENT_TEAM = WFB978387N;
				INFOPLIST_FILE = KaPool/Info.plist;
				LD_RUNPATH_SEARCH_PATHS = "$(inherited) @executable_path/Frameworks";
				PRODUCT_BUNDLE_IDENTIFIER = codePath.com.KaPool;
				PRODUCT_NAME = "$(TARGET_NAME)";
				SWIFT_VERSION = 3.0;
			};
			name = Release;
		};
/* End XCBuildConfiguration section */

/* Begin XCConfigurationList section */
		21CE5A4A1E68D6F3009BE18F /* Build configuration list for PBXProject "KaPool" */ = {
			isa = XCConfigurationList;
			buildConfigurations = (
				21CE5A5F1E68D6F4009BE18F /* Debug */,
				21CE5A601E68D6F4009BE18F /* Release */,
			);
			defaultConfigurationIsVisible = 0;
			defaultConfigurationName = Release;
		};
		21CE5A611E68D6F4009BE18F /* Build configuration list for PBXNativeTarget "KaPool" */ = {
			isa = XCConfigurationList;
			buildConfigurations = (
				21CE5A621E68D6F4009BE18F /* Debug */,
				21CE5A631E68D6F4009BE18F /* Release */,
			);
			defaultConfigurationIsVisible = 0;
		};
/* End XCConfigurationList section */
	};
	rootObject = 21CE5A471E68D6F3009BE18F /* Project object */;
}
