PODS:
  - AFNetworking (1.1.0)
  - Bolts/Tasks (1.8.4)
  - GoogleMaps (2.2.0):
    - GoogleMaps/Maps (= 2.2.0)
  - GoogleMaps/Base (2.2.0)
  - GoogleMaps/Maps (2.2.0):
    - GoogleMaps/Base
  - GooglePlacePicker (2.2.0):
    - GoogleMaps (= 2.2.0)
    - GooglePlaces (= 2.2.0)
  - GooglePlaces (2.2.0):
    - GoogleMaps/Base (= 2.2.0)
  - mailgun (1.0.3):
    - AFNetworking (~> 1.1.0)
  - Parse (1.14.4):
    - Bolts/Tasks (~> 1.8)

DEPENDENCIES:
  - GoogleMaps
  - GooglePlacePicker
  - GooglePlaces
  - mailgun (~> 1.0.3)
  - Parse

SPEC CHECKSUMS:
  AFNetworking: e6427e782b25a2289d909960df8ef41358b3277c
  Bolts: 8a7995239dbe724f9cba2248b766d48b7ebdd322
  GoogleMaps: 104c418d61ab8a05dff06ed0784c25ea9d37da45
  GooglePlacePicker: 345b1aabd42c9d6d9bf2369c1bae1234d903e764
  GooglePlaces: bca867d5e9da15384c794b945e4226848bc6e9d9
  mailgun: 17290deea4db24050dd03ca59cd7385d508904b3
  Parse: b0aa91d2c435e53d4a9af26e741e014c9b35c42e

PODFILE CHECKSUM: e74dfcd1f91df7aeebff737dc19c2316df58198c

COCOAPODS: 1.1.1
